// !$*UTF8*$!
{
	archiveVersion = 1;
	classes = {
	};
	objectVersion = 56;
	objects = {

/* Begin PBXBuildFile section */
		C40B44692B0FD673005516B3 /* NotificationBellView.swift in Sources */ = {isa = PBXBuildFile; fileRef = C40B44682B0FD673005516B3 /* NotificationBellView.swift */; };
		C463C2532B0EC3A70088A739 /* AppDelegate.swift in Sources */ = {isa = PBXBuildFile; fileRef = C463C2522B0EC3A70088A739 /* AppDelegate.swift */; };
		C463C2552B0EC3A70088A739 /* SceneDelegate.swift in Sources */ = {isa = PBXBuildFile; fileRef = C463C2542B0EC3A70088A739 /* SceneDelegate.swift */; };
		C463C2572B0EC3A70088A739 /* ViewController.swift in Sources */ = {isa = PBXBuildFile; fileRef = C463C2562B0EC3A70088A739 /* ViewController.swift */; };
		C463C25C2B0EC3A80088A739 /* Assets.xcassets in Resources */ = {isa = PBXBuildFile; fileRef = C463C25B2B0EC3A80088A739 /* Assets.xcassets */; };
		C463C25F2B0EC3A80088A739 /* LaunchScreen.storyboard in Resources */ = {isa = PBXBuildFile; fileRef = C463C25D2B0EC3A80088A739 /* LaunchScreen.storyboard */; };
		C463C2692B0EC4D10088A739 /* ViewController.xib in Resources */ = {isa = PBXBuildFile; fileRef = C463C2682B0EC4D10088A739 /* ViewController.xib */; };
/* End PBXBuildFile section */

/* Begin PBXFileReference section */
		C40B44682B0FD673005516B3 /* NotificationBellView.swift */ = {isa = PBXFileReference; lastKnownFileType = sourcecode.swift; path = NotificationBellView.swift; sourceTree = "<group>"; };
		C463C24F2B0EC3A70088A739 /* TestRigForShakeyBell.app */ = {isa = PBXFileReference; explicitFileType = wrapper.application; includeInIndex = 0; path = TestRigForShakeyBell.app; sourceTree = BUILT_PRODUCTS_DIR; };
		C463C2522B0EC3A70088A739 /* AppDelegate.swift */ = {isa = PBXFileReference; lastKnownFileType = sourcecode.swift; path = AppDelegate.swift; sourceTree = "<group>"; };
		C463C2542B0EC3A70088A739 /* SceneDelegate.swift */ = {isa = PBXFileReference; lastKnownFileType = sourcecode.swift; path = SceneDelegate.swift; sourceTree = "<group>"; };
		C463C2562B0EC3A70088A739 /* ViewController.swift */ = {isa = PBXFileReference; lastKnownFileType = sourcecode.swift; path = ViewController.swift; sourceTree = "<group>"; };
		C463C25B2B0EC3A80088A739 /* Assets.xcassets */ = {isa = PBXFileReference; lastKnownFileType = folder.assetcatalog; path = Assets.xcassets; sourceTree = "<group>"; };
		C463C25E2B0EC3A80088A739 /* Base */ = {isa = PBXFileReference; lastKnownFileType = file.storyboard; name = Base; path = Base.lproj/LaunchScreen.storyboard; sourceTree = "<group>"; };
		C463C2602B0EC3A80088A739 /* Info.plist */ = {isa = PBXFileReference; lastKnownFileType = text.plist.xml; path = Info.plist; sourceTree = "<group>"; };
		C463C2682B0EC4D10088A739 /* ViewController.xib */ = {isa = PBXFileReference; lastKnownFileType = file.xib; path = ViewController.xib; sourceTree = "<group>"; };
/* End PBXFileReference section */

/* Begin PBXFrameworksBuildPhase section */
		C463C24C2B0EC3A70088A739 /* Frameworks */ = {
			isa = PBXFrameworksBuildPhase;
			buildActionMask = 2147483647;
			files = (
			);
			runOnlyForDeploymentPostprocessing = 0;
		};
/* End PBXFrameworksBuildPhase section */

/* Begin PBXGroup section */
		C463C2462B0EC3A70088A739 = {
			isa = PBXGroup;
			children = (
				C463C2512B0EC3A70088A739 /* TestRigForShakeyBell */,
				C463C2502B0EC3A70088A739 /* Products */,
			);
			sourceTree = "<group>";
		};
		C463C2502B0EC3A70088A739 /* Products */ = {
			isa = PBXGroup;
			children = (
				C463C24F2B0EC3A70088A739 /* TestRigForShakeyBell.app */,
			);
			name = Products;
			sourceTree = "<group>";
		};
		C463C2512B0EC3A70088A739 /* TestRigForShakeyBell */ = {
			isa = PBXGroup;
			children = (
				C463C2672B0EC4830088A739 /* Files */,
				C463C2562B0EC3A70088A739 /* ViewController.swift */,
				C463C2682B0EC4D10088A739 /* ViewController.xib */,
				C40B44682B0FD673005516B3 /* NotificationBellView.swift */,
			);
			path = TestRigForShakeyBell;
			sourceTree = "<group>";
		};
		C463C2672B0EC4830088A739 /* Files */ = {
			isa = PBXGroup;
			children = (
				C463C25B2B0EC3A80088A739 /* Assets.xcassets */,
				C463C25D2B0EC3A80088A739 /* LaunchScreen.storyboard */,
				C463C2602B0EC3A80088A739 /* Info.plist */,
				C463C2522B0EC3A70088A739 /* AppDelegate.swift */,
				C463C2542B0EC3A70088A739 /* SceneDelegate.swift */,
			);
			name = Files;
			sourceTree = "<group>";
		};
/* End PBXGroup section */

/* Begin PBXNativeTarget section */
		C463C24E2B0EC3A70088A739 /* TestRigForShakeyBell */ = {
			isa = PBXNativeTarget;
			buildConfigurationList = C463C2632B0EC3A80088A739 /* Build configuration list for PBXNativeTarget "TestRigForShakeyBell" */;
			buildPhases = (
				C463C24B2B0EC3A70088A739 /* Sources */,
				C463C24C2B0EC3A70088A739 /* Frameworks */,
				C463C24D2B0EC3A70088A739 /* Resources */,
			);
			buildRules = (
			);
			dependencies = (
			);
			name = TestRigForShakeyBell;
			productName = TestRigForShakeyBell;
			productReference = C463C24F2B0EC3A70088A739 /* TestRigForShakeyBell.app */;
			productType = "com.apple.product-type.application";
		};
/* End PBXNativeTarget section */

/* Begin PBXProject section */
		C463C2472B0EC3A70088A739 /* Project object */ = {
			isa = PBXProject;
			attributes = {
				BuildIndependentTargetsInParallel = 1;
				LastSwiftUpdateCheck = 1500;
				LastUpgradeCheck = 1500;
				TargetAttributes = {
					C463C24E2B0EC3A70088A739 = {
						CreatedOnToolsVersion = 15.0.1;
					};
				};
			};
			buildConfigurationList = C463C24A2B0EC3A70088A739 /* Build configuration list for PBXProject "TestRigForShakeyBell" */;
			compatibilityVersion = "Xcode 14.0";
			developmentRegion = en;
			hasScannedForEncodings = 0;
			knownRegions = (
				en,
				Base,
			);
			mainGroup = C463C2462B0EC3A70088A739;
			productRefGroup = C463C2502B0EC3A70088A739 /* Products */;
			projectDirPath = "";
			projectRoot = "";
			targets = (
				C463C24E2B0EC3A70088A739 /* TestRigForShakeyBell */,
			);
		};
/* End PBXProject section */

/* Begin PBXResourcesBuildPhase section */
		C463C24D2B0EC3A70088A739 /* Resources */ = {
			isa = PBXResourcesBuildPhase;
			buildActionMask = 2147483647;
			files = (
				C463C25F2B0EC3A80088A739 /* LaunchScreen.storyboard in Resources */,
				C463C2692B0EC4D10088A739 /* ViewController.xib in Resources */,
				C463C25C2B0EC3A80088A739 /* Assets.xcassets in Resources */,
			);
			runOnlyForDeploymentPostprocessing = 0;
		};
/* End PBXResourcesBuildPhase section */

/* Begin PBXSourcesBuildPhase section */
		C463C24B2B0EC3A70088A739 /* Sources */ = {
			isa = PBXSourcesBuildPhase;
			buildActionMask = 2147483647;
			files = (
				C463C2572B0EC3A70088A739 /* ViewController.swift in Sources */,
				C463C2532B0EC3A70088A739 /* AppDelegate.swift in Sources */,
				C40B44692B0FD673005516B3 /* NotificationBellView.swift in Sources */,
				C463C2552B0EC3A70088A739 /* SceneDelegate.swift in Sources */,
			);
			runOnlyForDeploymentPostprocessing = 0;
		};
/* End PBXSourcesBuildPhase section */

/* Begin PBXVariantGroup section */
		C463C25D2B0EC3A80088A739 /* LaunchScreen.storyboard */ = {
			isa = PBXVariantGroup;
			children = (
				C463C25E2B0EC3A80088A739 /* Base */,
			);
			name = LaunchScreen.storyboard;
			sourceTree = "<group>";
		};
/* End PBXVariantGroup section */

/* Begin XCBuildConfiguration section */
		C463C2612B0EC3A80088A739 /* Debug */ = {
			isa = XCBuildConfiguration;
			buildSettings = {
				ALWAYS_SEARCH_USER_PATHS = NO;
				ASSETCATALOG_COMPILER_GENERATE_SWIFT_ASSET_SYMBOL_EXTENSIONS = YES;
				CLANG_ANALYZER_NONNULL = YES;
				CLANG_ANALYZER_NUMBER_OBJECT_CONVERSION = YES_AGGRESSIVE;
				CLANG_CXX_LANGUAGE_STANDARD = "gnu++20";
				CLANG_ENABLE_MODULES = YES;
				CLANG_ENABLE_OBJC_ARC = YES;
				CLANG_ENABLE_OBJC_WEAK = YES;
				CLANG_WARN_BLOCK_CAPTURE_AUTORELEASING = YES;
				CLANG_WARN_BOOL_CONVERSION = YES;
				CLANG_WARN_COMMA = YES;
				CLANG_WARN_CONSTANT_CONVERSION = YES;
				CLANG_WARN_DEPRECATED_OBJC_IMPLEMENTATIONS = YES;
				CLANG_WARN_DIRECT_OBJC_ISA_USAGE = YES_ERROR;
				CLANG_WARN_DOCUMENTATION_COMMENTS = YES;
				CLANG_WARN_EMPTY_BODY = YES;
				CLANG_WARN_ENUM_CONVERSION = YES;
				CLANG_WARN_INFINITE_RECURSION = YES;
				CLANG_WARN_INT_CONVERSION = YES;
				CLANG_WARN_NON_LITERAL_NULL_CONVERSION = YES;
				CLANG_WARN_OBJC_IMPLICIT_RETAIN_SELF = YES;
				CLANG_WARN_OBJC_LITERAL_CONVERSION = YES;
				CLANG_WARN_OBJC_ROOT_CLASS = YES_ERROR;
				CLANG_WARN_QUOTED_INCLUDE_IN_FRAMEWORK_HEADER = YES;
				CLANG_WARN_RANGE_LOOP_ANALYSIS = YES;
				CLANG_WARN_STRICT_PROTOTYPES = YES;
				CLANG_WARN_SUSPICIOUS_MOVE = YES;
				CLANG_WARN_UNGUARDED_AVAILABILITY = YES_AGGRESSIVE;
				CLANG_WARN_UNREACHABLE_CODE = YES;
				CLANG_WARN__DUPLICATE_METHOD_MATCH = YES;
				COPY_PHASE_STRIP = NO;
				DEBUG_INFORMATION_FORMAT = dwarf;
				ENABLE_STRICT_OBJC_MSGSEND = YES;
				ENABLE_TESTABILITY = YES;
				ENABLE_USER_SCRIPT_SANDBOXING = YES;
				GCC_C_LANGUAGE_STANDARD = gnu17;
				GCC_DYNAMIC_NO_PIC = NO;
				GCC_NO_COMMON_BLOCKS = YES;
				GCC_OPTIMIZATION_LEVEL = 0;
				GCC_PREPROCESSOR_DEFINITIONS = (
					"DEBUG=1",
					"$(inherited)",
				);
				GCC_WARN_64_TO_32_BIT_CONVERSION = YES;
				GCC_WARN_ABOUT_RETURN_TYPE = YES_ERROR;
				GCC_WARN_UNDECLARED_SELECTOR = YES;
				GCC_WARN_UNINITIALIZED_AUTOS = YES_AGGRESSIVE;
				GCC_WARN_UNUSED_FUNCTION = YES;
				GCC_WARN_UNUSED_VARIABLE = YES;
				IPHONEOS_DEPLOYMENT_TARGET = 17.0;
				LOCALIZATION_PREFERS_STRING_CATALOGS = YES;
				MTL_ENABLE_DEBUG_INFO = INCLUDE_SOURCE;
				MTL_FAST_MATH = YES;
				ONLY_ACTIVE_ARCH = YES;
				SDKROOT = iphoneos;
				SWIFT_ACTIVE_COMPILATION_CONDITIONS = "DEBUG $(inherited)";
				SWIFT_OPTIMIZATION_LEVEL = "-Onone";
			};
			name = Debug;
		};
		C463C2622B0EC3A80088A739 /* Release */ = {
			isa = XCBuildConfiguration;
			buildSettings = {
				ALWAYS_SEARCH_USER_PATHS = NO;
				ASSETCATALOG_COMPILER_GENERATE_SWIFT_ASSET_SYMBOL_EXTENSIONS = YES;
				CLANG_ANALYZER_NONNULL = YES;
				CLANG_ANALYZER_NUMBER_OBJECT_CONVERSION = YES_AGGRESSIVE;
				CLANG_CXX_LANGUAGE_STANDARD = "gnu++20";
				CLANG_ENABLE_MODULES = YES;
				CLANG_ENABLE_OBJC_ARC = YES;
				CLANG_ENABLE_OBJC_WEAK = YES;
				CLANG_WARN_BLOCK_CAPTURE_AUTORELEASING = YES;
				CLANG_WARN_BOOL_CONVERSION = YES;
				CLANG_WARN_COMMA = YES;
				CLANG_WARN_CONSTANT_CONVERSION = YES;
				CLANG_WARN_DEPRECATED_OBJC_IMPLEMENTATIONS = YES;
				CLANG_WARN_DIRECT_OBJC_ISA_USAGE = YES_ERROR;
				CLANG_WARN_DOCUMENTATION_COMMENTS = YES;
				CLANG_WARN_EMPTY_BODY = YES;
				CLANG_WARN_ENUM_CONVERSION = YES;
				CLANG_WARN_INFINITE_RECURSION = YES;
				CLANG_WARN_INT_CONVERSION = YES;
				CLANG_WARN_NON_LITERAL_NULL_CONVERSION = YES;
				CLANG_WARN_OBJC_IMPLICIT_RETAIN_SELF = YES;
				CLANG_WARN_OBJC_LITERAL_CONVERSION = YES;
				CLANG_WARN_OBJC_ROOT_CLASS = YES_ERROR;
				CLANG_WARN_QUOTED_INCLUDE_IN_FRAMEWORK_HEADER = YES;
				CLANG_WARN_RANGE_LOOP_ANALYSIS = YES;
				CLANG_WARN_STRICT_PROTOTYPES = YES;
				CLANG_WARN_SUSPICIOUS_MOVE = YES;
				CLANG_WARN_UNGUARDED_AVAILABILITY = YES_AGGRESSIVE;
				CLANG_WARN_UNREACHABLE_CODE = YES;
				CLANG_WARN__DUPLICATE_METHOD_MATCH = YES;
				COPY_PHASE_STRIP = NO;
				DEBUG_INFORMATION_FORMAT = "dwarf-with-dsym";
				ENABLE_NS_ASSERTIONS = NO;
				ENABLE_STRICT_OBJC_MSGSEND = YES;
				ENABLE_USER_SCRIPT_SANDBOXING = YES;
				GCC_C_LANGUAGE_STANDARD = gnu17;
				GCC_NO_COMMON_BLOCKS = YES;
				GCC_WARN_64_TO_32_BIT_CONVERSION = YES;
				GCC_WARN_ABOUT_RETURN_TYPE = YES_ERROR;
				GCC_WARN_UNDECLARED_SELECTOR = YES;
				GCC_WARN_UNINITIALIZED_AUTOS = YES_AGGRESSIVE;
				GCC_WARN_UNUSED_FUNCTION = YES;
				GCC_WARN_UNUSED_VARIABLE = YES;
				IPHONEOS_DEPLOYMENT_TARGET = 17.0;
				LOCALIZATION_PREFERS_STRING_CATALOGS = YES;
				MTL_ENABLE_DEBUG_INFO = NO;
				MTL_FAST_MATH = YES;
				SDKROOT = iphoneos;
				SWIFT_COMPILATION_MODE = wholemodule;
				VALIDATE_PRODUCT = YES;
			};
			name = Release;
		};
		C463C2642B0EC3A80088A739 /* Debug */ = {
			isa = XCBuildConfiguration;
			buildSettings = {
				ASSETCATALOG_COMPILER_APPICON_NAME = AppIcon;
				ASSETCATALOG_COMPILER_GLOBAL_ACCENT_COLOR_NAME = AccentColor;
				CODE_SIGN_STYLE = Automatic;
				CURRENT_PROJECT_VERSION = 1;
				DEVELOPMENT_TEAM = U7YYU53MN3;
				GENERATE_INFOPLIST_FILE = YES;
				INFOPLIST_FILE = TestRigForShakeyBell/Info.plist;
				INFOPLIST_KEY_UIApplicationSupportsIndirectInputEvents = YES;
				INFOPLIST_KEY_UILaunchStoryboardName = LaunchScreen;
				INFOPLIST_KEY_UISupportedInterfaceOrientations_iPad = "UIInterfaceOrientationPortrait UIInterfaceOrientationPortraitUpsideDown UIInterfaceOrientationLandscapeLeft UIInterfaceOrientationLandscapeRight";
				INFOPLIST_KEY_UISupportedInterfaceOrientations_iPhone = "UIInterfaceOrientationPortrait UIInterfaceOrientationLandscapeLeft UIInterfaceOrientationLandscapeRight";
				IPHONEOS_DEPLOYMENT_TARGET = 15.0;
				LD_RUNPATH_SEARCH_PATHS = (
					"$(inherited)",
					"@executable_path/Frameworks",
				);
				MARKETING_VERSION = 1.0;
				PRODUCT_BUNDLE_IDENTIFIER = com.diegosierra.TestRigForShakeyBell;
				PRODUCT_NAME = "$(TARGET_NAME)";
				SWIFT_EMIT_LOC_STRINGS = YES;
				SWIFT_VERSION = 5.0;
				TARGETED_DEVICE_FAMILY = "1,2";
			};
			name = Debug;
		};
		C463C2652B0EC3A80088A739 /* Release */ = {
			isa = XCBuildConfiguration;
			buildSettings = {
				ASSETCATALOG_COMPILER_APPICON_NAME = AppIcon;
				ASSETCATALOG_COMPILER_GLOBAL_ACCENT_COLOR_NAME = AccentColor;
				CODE_SIGN_STYLE = Automatic;
				CURRENT_PROJECT_VERSION = 1;
				DEVELOPMENT_TEAM = U7YYU53MN3;
				GENERATE_INFOPLIST_FILE = YES;
				INFOPLIST_FILE = TestRigForShakeyBell/Info.plist;
				INFOPLIST_KEY_UIApplicationSupportsIndirectInputEvents = YES;
				INFOPLIST_KEY_UILaunchStoryboardName = LaunchScreen;
				INFOPLIST_KEY_UISupportedInterfaceOrientations_iPad = "UIInterfaceOrientationPortrait UIInterfaceOrientationPortraitUpsideDown UIInterfaceOrientationLandscapeLeft UIInterfaceOrientationLandscapeRight";
				INFOPLIST_KEY_UISupportedInterfaceOrientations_iPhone = "UIInterfaceOrientationPortrait UIInterfaceOrientationLandscapeLeft UIInterfaceOrientationLandscapeRight";
				IPHONEOS_DEPLOYMENT_TARGET = 15.0;
				LD_RUNPATH_SEARCH_PATHS = (
					"$(inherited)",
					"@executable_path/Frameworks",
				);
				MARKETING_VERSION = 1.0;
				PRODUCT_BUNDLE_IDENTIFIER = com.diegosierra.TestRigForShakeyBell;
				PRODUCT_NAME = "$(TARGET_NAME)";
				SWIFT_EMIT_LOC_STRINGS = YES;
				SWIFT_VERSION = 5.0;
				TARGETED_DEVICE_FAMILY = "1,2";
			};
			name = Release;
		};
/* End XCBuildConfiguration section */

/* Begin XCConfigurationList section */
		C463C24A2B0EC3A70088A739 /* Build configuration list for PBXProject "TestRigForShakeyBell" */ = {
			isa = XCConfigurationList;
			buildConfigurations = (
				C463C2612B0EC3A80088A739 /* Debug */,
				C463C2622B0EC3A80088A739 /* Release */,
			);
			defaultConfigurationIsVisible = 0;
			defaultConfigurationName = Release;
		};
		C463C2632B0EC3A80088A739 /* Build configuration list for PBXNativeTarget "TestRigForShakeyBell" */ = {
			isa = XCConfigurationList;
			buildConfigurations = (
				C463C2642B0EC3A80088A739 /* Debug */,
				C463C2652B0EC3A80088A739 /* Release */,
			);
			defaultConfigurationIsVisible = 0;
			defaultConfigurationName = Release;
		};
/* End XCConfigurationList section */
	};
	rootObject = C463C2472B0EC3A70088A739 /* Project object */;
}
