// !$*UTF8*$!
{
	archiveVersion = 1;
	classes = {
	};
	objectVersion = 56;
	objects = {

/* Begin PBXBuildFile section */
		C41E00F82AB7C959005462B5 /* OnboardingContainerViewController.swift in Sources */ = {isa = PBXBuildFile; fileRef = C41E00F72AB7C959005462B5 /* OnboardingContainerViewController.swift */; };
		C41E00FC2AB80EA4005462B5 /* OnboardingViewController.swift in Sources */ = {isa = PBXBuildFile; fileRef = C41E00FB2AB80EA4005462B5 /* OnboardingViewController.swift */; };
		C471C3D12AC2646F00ACA6A4 /* DummyViewController.swift in Sources */ = {isa = PBXBuildFile; fileRef = C471C3D02AC2646F00ACA6A4 /* DummyViewController.swift */; };
		C4B1DAA12AE795BC0042D787 /* CurrencyFormatterTests.swift in Sources */ = {isa = PBXBuildFile; fileRef = C4B1DAA02AE795BC0042D787 /* CurrencyFormatterTests.swift */; };
		C4B7032E2AC6429500FFECBC /* LocalState.swift in Sources */ = {isa = PBXBuildFile; fileRef = C4B7032D2AC6429500FFECBC /* LocalState.swift */; };
		C4BA8B672AC8E6EF00436E69 /* UIViewController+Utils.swift in Sources */ = {isa = PBXBuildFile; fileRef = C4BA8B662AC8E6EF00436E69 /* UIViewController+Utils.swift */; };
		C4BA8B692AC8E8DC00436E69 /* MainViewController.swift in Sources */ = {isa = PBXBuildFile; fileRef = C4BA8B682AC8E8DC00436E69 /* MainViewController.swift */; };
		C4BD0F892AE5A14C00B12217 /* DecimalUtil.swift in Sources */ = {isa = PBXBuildFile; fileRef = C4BD0F882AE5A14C00B12217 /* DecimalUtil.swift */; };
		C4BD0F8B2AE5A25400B12217 /* CurrencyFormatter.swift in Sources */ = {isa = PBXBuildFile; fileRef = C4BD0F8A2AE5A25400B12217 /* CurrencyFormatter.swift */; };
		C4CF01A22A89BBDA00A2701D /* AppDelegate.swift in Sources */ = {isa = PBXBuildFile; fileRef = C4CF01A12A89BBDA00A2701D /* AppDelegate.swift */; };
		C4CF01A42A89BBDA00A2701D /* SceneDelegate.swift in Sources */ = {isa = PBXBuildFile; fileRef = C4CF01A32A89BBDA00A2701D /* SceneDelegate.swift */; };
		C4CF01A62A89BBDA00A2701D /* LoginViewController.swift in Sources */ = {isa = PBXBuildFile; fileRef = C4CF01A52A89BBDA00A2701D /* LoginViewController.swift */; };
		C4CF01AB2A89BBDB00A2701D /* Assets.xcassets in Resources */ = {isa = PBXBuildFile; fileRef = C4CF01AA2A89BBDB00A2701D /* Assets.xcassets */; };
		C4CF01AE2A89BBDB00A2701D /* LaunchScreen.storyboard in Resources */ = {isa = PBXBuildFile; fileRef = C4CF01AC2A89BBDB00A2701D /* LaunchScreen.storyboard */; };
		C4CF01B92A89F71000A2701D /* LoginView.swift in Sources */ = {isa = PBXBuildFile; fileRef = C4CF01B82A89F71000A2701D /* LoginView.swift */; };
		C4D44AC42AD333E000298B1A /* AccountSummaryHeaderView.swift in Sources */ = {isa = PBXBuildFile; fileRef = C4D44AC32AD333E000298B1A /* AccountSummaryHeaderView.swift */; };
		C4D44AC62AD3341700298B1A /* AccountSummaryHeaderView.xib in Resources */ = {isa = PBXBuildFile; fileRef = C4D44AC52AD3341700298B1A /* AccountSummaryHeaderView.xib */; };
		C4E9E6F42AD759F700549E3F /* AccountSummaryCell.swift in Sources */ = {isa = PBXBuildFile; fileRef = C4E9E6F32AD759F700549E3F /* AccountSummaryCell.swift */; };
		C4F95D9F2AD0E55F00718071 /* AccountSummaryViewController.swift in Sources */ = {isa = PBXBuildFile; fileRef = C4F95D9E2AD0E55F00718071 /* AccountSummaryViewController.swift */; };
/* End PBXBuildFile section */

/* Begin PBXContainerItemProxy section */
		C409DB652AAAE9390066D1C2 /* PBXContainerItemProxy */ = {
			isa = PBXContainerItemProxy;
			containerPortal = C4CF01962A89BBDA00A2701D /* Project object */;
			proxyType = 1;
			remoteGlobalIDString = C4CF019D2A89BBDA00A2701D;
			remoteInfo = Bankey;
		};
		C4B1DA9B2AE794480042D787 /* PBXContainerItemProxy */ = {
			isa = PBXContainerItemProxy;
			containerPortal = C4CF01962A89BBDA00A2701D /* Project object */;
			proxyType = 1;
			remoteGlobalIDString = C4CF019D2A89BBDA00A2701D;
			remoteInfo = Bankey;
		};
/* End PBXContainerItemProxy section */

/* Begin PBXFileReference section */
		C409DB612AAAE9390066D1C2 /* BankeyTests.xctest */ = {isa = PBXFileReference; explicitFileType = wrapper.cfbundle; includeInIndex = 0; path = BankeyTests.xctest; sourceTree = BUILT_PRODUCTS_DIR; };
		C41E00F72AB7C959005462B5 /* OnboardingContainerViewController.swift */ = {isa = PBXFileReference; lastKnownFileType = sourcecode.swift; path = OnboardingContainerViewController.swift; sourceTree = "<group>"; };
		C41E00FB2AB80EA4005462B5 /* OnboardingViewController.swift */ = {isa = PBXFileReference; lastKnownFileType = sourcecode.swift; path = OnboardingViewController.swift; sourceTree = "<group>"; };
		C471C3D02AC2646F00ACA6A4 /* DummyViewController.swift */ = {isa = PBXFileReference; lastKnownFileType = sourcecode.swift; path = DummyViewController.swift; sourceTree = "<group>"; };
		C4B1DA972AE794480042D787 /* BankeyUnitTests.xctest */ = {isa = PBXFileReference; explicitFileType = wrapper.cfbundle; includeInIndex = 0; path = BankeyUnitTests.xctest; sourceTree = BUILT_PRODUCTS_DIR; };
		C4B1DAA02AE795BC0042D787 /* CurrencyFormatterTests.swift */ = {isa = PBXFileReference; lastKnownFileType = sourcecode.swift; path = CurrencyFormatterTests.swift; sourceTree = "<group>"; };
		C4B7032D2AC6429500FFECBC /* LocalState.swift */ = {isa = PBXFileReference; lastKnownFileType = sourcecode.swift; path = LocalState.swift; sourceTree = "<group>"; };
		C4BA8B662AC8E6EF00436E69 /* UIViewController+Utils.swift */ = {isa = PBXFileReference; lastKnownFileType = sourcecode.swift; path = "UIViewController+Utils.swift"; sourceTree = "<group>"; };
		C4BA8B682AC8E8DC00436E69 /* MainViewController.swift */ = {isa = PBXFileReference; lastKnownFileType = sourcecode.swift; path = MainViewController.swift; sourceTree = "<group>"; };
		C4BD0F882AE5A14C00B12217 /* DecimalUtil.swift */ = {isa = PBXFileReference; lastKnownFileType = sourcecode.swift; path = DecimalUtil.swift; sourceTree = "<group>"; };
		C4BD0F8A2AE5A25400B12217 /* CurrencyFormatter.swift */ = {isa = PBXFileReference; lastKnownFileType = sourcecode.swift; path = CurrencyFormatter.swift; sourceTree = "<group>"; };
		C4CF019E2A89BBDA00A2701D /* Bankey.app */ = {isa = PBXFileReference; explicitFileType = wrapper.application; includeInIndex = 0; path = Bankey.app; sourceTree = BUILT_PRODUCTS_DIR; };
		C4CF01A12A89BBDA00A2701D /* AppDelegate.swift */ = {isa = PBXFileReference; lastKnownFileType = sourcecode.swift; path = AppDelegate.swift; sourceTree = "<group>"; };
		C4CF01A32A89BBDA00A2701D /* SceneDelegate.swift */ = {isa = PBXFileReference; lastKnownFileType = sourcecode.swift; path = SceneDelegate.swift; sourceTree = "<group>"; };
		C4CF01A52A89BBDA00A2701D /* LoginViewController.swift */ = {isa = PBXFileReference; lastKnownFileType = sourcecode.swift; path = LoginViewController.swift; sourceTree = "<group>"; };
		C4CF01AA2A89BBDB00A2701D /* Assets.xcassets */ = {isa = PBXFileReference; lastKnownFileType = folder.assetcatalog; path = Assets.xcassets; sourceTree = "<group>"; };
		C4CF01AD2A89BBDB00A2701D /* Base */ = {isa = PBXFileReference; lastKnownFileType = file.storyboard; name = Base; path = Base.lproj/LaunchScreen.storyboard; sourceTree = "<group>"; };
		C4CF01AF2A89BBDB00A2701D /* Info.plist */ = {isa = PBXFileReference; lastKnownFileType = text.plist.xml; path = Info.plist; sourceTree = "<group>"; };
		C4CF01B82A89F71000A2701D /* LoginView.swift */ = {isa = PBXFileReference; lastKnownFileType = sourcecode.swift; name = LoginView.swift; path = Bankey/Login/LoginView.swift; sourceTree = SOURCE_ROOT; };
		C4D44AC32AD333E000298B1A /* AccountSummaryHeaderView.swift */ = {isa = PBXFileReference; lastKnownFileType = sourcecode.swift; path = AccountSummaryHeaderView.swift; sourceTree = "<group>"; };
		C4D44AC52AD3341700298B1A /* AccountSummaryHeaderView.xib */ = {isa = PBXFileReference; lastKnownFileType = file.xib; path = AccountSummaryHeaderView.xib; sourceTree = "<group>"; };
		C4E9E6F32AD759F700549E3F /* AccountSummaryCell.swift */ = {isa = PBXFileReference; lastKnownFileType = sourcecode.swift; path = AccountSummaryCell.swift; sourceTree = "<group>"; };
		C4F95D9E2AD0E55F00718071 /* AccountSummaryViewController.swift */ = {isa = PBXFileReference; lastKnownFileType = sourcecode.swift; path = AccountSummaryViewController.swift; sourceTree = "<group>"; };
/* End PBXFileReference section */

/* Begin PBXFrameworksBuildPhase section */
		C409DB5E2AAAE9390066D1C2 /* Frameworks */ = {
			isa = PBXFrameworksBuildPhase;
			buildActionMask = 2147483647;
			files = (
			);
			runOnlyForDeploymentPostprocessing = 0;
		};
		C4B1DA942AE794480042D787 /* Frameworks */ = {
			isa = PBXFrameworksBuildPhase;
			buildActionMask = 2147483647;
			files = (
			);
			runOnlyForDeploymentPostprocessing = 0;
		};
		C4CF019B2A89BBDA00A2701D /* Frameworks */ = {
			isa = PBXFrameworksBuildPhase;
			buildActionMask = 2147483647;
			files = (
			);
			runOnlyForDeploymentPostprocessing = 0;
		};
/* End PBXFrameworksBuildPhase section */

/* Begin PBXGroup section */
		C409DB5C2AAAE3830066D1C2 /* Login */ = {
			isa = PBXGroup;
			children = (
				C4CF01B82A89F71000A2701D /* LoginView.swift */,
				C4CF01A52A89BBDA00A2701D /* LoginViewController.swift */,
				C471C3D02AC2646F00ACA6A4 /* DummyViewController.swift */,
			);
			path = Login;
			sourceTree = "<group>";
		};
		C41E00F62AB7C93E005462B5 /* Onboarding */ = {
			isa = PBXGroup;
			children = (
				C41E00F72AB7C959005462B5 /* OnboardingContainerViewController.swift */,
				C41E00FB2AB80EA4005462B5 /* OnboardingViewController.swift */,
			);
			path = Onboarding;
			sourceTree = "<group>";
		};
		C4B1DA982AE794480042D787 /* BankeyUnitTests */ = {
			isa = PBXGroup;
			children = (
				C4B1DAA02AE795BC0042D787 /* CurrencyFormatterTests.swift */,
			);
			path = BankeyUnitTests;
			sourceTree = "<group>";
		};
		C4B7032C2AC6428700FFECBC /* Utilities */ = {
			isa = PBXGroup;
			children = (
				C4B7032D2AC6429500FFECBC /* LocalState.swift */,
				C4BA8B662AC8E6EF00436E69 /* UIViewController+Utils.swift */,
				C4BD0F882AE5A14C00B12217 /* DecimalUtil.swift */,
				C4BD0F8A2AE5A25400B12217 /* CurrencyFormatter.swift */,
			);
			path = Utilities;
			sourceTree = "<group>";
		};
		C4CF01952A89BBDA00A2701D = {
			isa = PBXGroup;
			children = (
				C4CF01A02A89BBDA00A2701D /* Bankey */,
				C4B1DA982AE794480042D787 /* BankeyUnitTests */,
				C4CF019F2A89BBDA00A2701D /* Products */,
			);
			sourceTree = "<group>";
		};
		C4CF019F2A89BBDA00A2701D /* Products */ = {
			isa = PBXGroup;
			children = (
				C4CF019E2A89BBDA00A2701D /* Bankey.app */,
				C409DB612AAAE9390066D1C2 /* BankeyTests.xctest */,
				C4B1DA972AE794480042D787 /* BankeyUnitTests.xctest */,
			);
			name = Products;
			sourceTree = "<group>";
		};
		C4CF01A02A89BBDA00A2701D /* Bankey */ = {
			isa = PBXGroup;
			children = (
				C4CF01A12A89BBDA00A2701D /* AppDelegate.swift */,
				C4CF01A32A89BBDA00A2701D /* SceneDelegate.swift */,
				C4BA8B682AC8E8DC00436E69 /* MainViewController.swift */,
				C409DB5C2AAAE3830066D1C2 /* Login */,
				C41E00F62AB7C93E005462B5 /* Onboarding */,
				C4F95D9B2AD08CEE00718071 /* Account Summary */,
				C4B7032C2AC6428700FFECBC /* Utilities */,
				C4CF01B52A89F6A900A2701D /* Files */,
			);
			path = Bankey;
			sourceTree = "<group>";
		};
		C4CF01B52A89F6A900A2701D /* Files */ = {
			isa = PBXGroup;
			children = (
				C4CF01AA2A89BBDB00A2701D /* Assets.xcassets */,
				C4CF01AC2A89BBDB00A2701D /* LaunchScreen.storyboard */,
				C4CF01AF2A89BBDB00A2701D /* Info.plist */,
			);
			name = Files;
			sourceTree = "<group>";
		};
		C4E9E6F12AD7410A00549E3F /* Header */ = {
			isa = PBXGroup;
			children = (
				C4D44AC32AD333E000298B1A /* AccountSummaryHeaderView.swift */,
				C4D44AC52AD3341700298B1A /* AccountSummaryHeaderView.xib */,
			);
			path = Header;
			sourceTree = "<group>";
		};
		C4E9E6F22AD759D100549E3F /* Cells */ = {
			isa = PBXGroup;
			children = (
				C4E9E6F32AD759F700549E3F /* AccountSummaryCell.swift */,
			);
			path = Cells;
			sourceTree = "<group>";
		};
		C4F95D9B2AD08CEE00718071 /* Account Summary */ = {
			isa = PBXGroup;
			children = (
				C4F95D9E2AD0E55F00718071 /* AccountSummaryViewController.swift */,
				C4E9E6F12AD7410A00549E3F /* Header */,
				C4E9E6F22AD759D100549E3F /* Cells */,
			);
			path = "Account Summary";
			sourceTree = "<group>";
		};
/* End PBXGroup section */

/* Begin PBXNativeTarget section */
		C409DB602AAAE9390066D1C2 /* BankeyTests */ = {
			isa = PBXNativeTarget;
			buildConfigurationList = C409DB672AAAE9390066D1C2 /* Build configuration list for PBXNativeTarget "BankeyTests" */;
			buildPhases = (
				C409DB5D2AAAE9390066D1C2 /* Sources */,
				C409DB5E2AAAE9390066D1C2 /* Frameworks */,
				C409DB5F2AAAE9390066D1C2 /* Resources */,
			);
			buildRules = (
			);
			dependencies = (
				C409DB662AAAE9390066D1C2 /* PBXTargetDependency */,
			);
			name = BankeyTests;
			productName = BankeyTests;
			productReference = C409DB612AAAE9390066D1C2 /* BankeyTests.xctest */;
			productType = "com.apple.product-type.bundle.unit-test";
		};
		C4B1DA962AE794480042D787 /* BankeyUnitTests */ = {
			isa = PBXNativeTarget;
			buildConfigurationList = C4B1DA9F2AE794480042D787 /* Build configuration list for PBXNativeTarget "BankeyUnitTests" */;
			buildPhases = (
				C4B1DA932AE794480042D787 /* Sources */,
				C4B1DA942AE794480042D787 /* Frameworks */,
				C4B1DA952AE794480042D787 /* Resources */,
			);
			buildRules = (
			);
			dependencies = (
				C4B1DA9C2AE794480042D787 /* PBXTargetDependency */,
			);
			name = BankeyUnitTests;
			productName = BankeyUnitTests;
			productReference = C4B1DA972AE794480042D787 /* BankeyUnitTests.xctest */;
			productType = "com.apple.product-type.bundle.unit-test";
		};
		C4CF019D2A89BBDA00A2701D /* Bankey */ = {
			isa = PBXNativeTarget;
			buildConfigurationList = C4CF01B22A89BBDB00A2701D /* Build configuration list for PBXNativeTarget "Bankey" */;
			buildPhases = (
				C4CF019A2A89BBDA00A2701D /* Sources */,
				C4CF019B2A89BBDA00A2701D /* Frameworks */,
				C4CF019C2A89BBDA00A2701D /* Resources */,
			);
			buildRules = (
			);
			dependencies = (
			);
			name = Bankey;
			productName = Bankey;
			productReference = C4CF019E2A89BBDA00A2701D /* Bankey.app */;
			productType = "com.apple.product-type.application";
		};
/* End PBXNativeTarget section */

/* Begin PBXProject section */
		C4CF01962A89BBDA00A2701D /* Project object */ = {
			isa = PBXProject;
			attributes = {
				BuildIndependentTargetsInParallel = 1;
				LastSwiftUpdateCheck = 1500;
				LastUpgradeCheck = 1500;
				TargetAttributes = {
					C409DB602AAAE9390066D1C2 = {
						CreatedOnToolsVersion = 14.3.1;
						TestTargetID = C4CF019D2A89BBDA00A2701D;
					};
					C4B1DA962AE794480042D787 = {
						CreatedOnToolsVersion = 15.0.1;
						LastSwiftMigration = 1500;
						TestTargetID = C4CF019D2A89BBDA00A2701D;
					};
					C4CF019D2A89BBDA00A2701D = {
						CreatedOnToolsVersion = 14.3.1;
					};
				};
			};
			buildConfigurationList = C4CF01992A89BBDA00A2701D /* Build configuration list for PBXProject "Bankey" */;
			compatibilityVersion = "Xcode 14.0";
			developmentRegion = en;
			hasScannedForEncodings = 0;
			knownRegions = (
				en,
				Base,
			);
			mainGroup = C4CF01952A89BBDA00A2701D;
			productRefGroup = C4CF019F2A89BBDA00A2701D /* Products */;
			projectDirPath = "";
			projectRoot = "";
			targets = (
				C4CF019D2A89BBDA00A2701D /* Bankey */,
				C409DB602AAAE9390066D1C2 /* BankeyTests */,
				C4B1DA962AE794480042D787 /* BankeyUnitTests */,
			);
		};
/* End PBXProject section */

/* Begin PBXResourcesBuildPhase section */
		C409DB5F2AAAE9390066D1C2 /* Resources */ = {
			isa = PBXResourcesBuildPhase;
			buildActionMask = 2147483647;
			files = (
			);
			runOnlyForDeploymentPostprocessing = 0;
		};
		C4B1DA952AE794480042D787 /* Resources */ = {
			isa = PBXResourcesBuildPhase;
			buildActionMask = 2147483647;
			files = (
			);
			runOnlyForDeploymentPostprocessing = 0;
		};
		C4CF019C2A89BBDA00A2701D /* Resources */ = {
			isa = PBXResourcesBuildPhase;
			buildActionMask = 2147483647;
			files = (
				C4D44AC62AD3341700298B1A /* AccountSummaryHeaderView.xib in Resources */,
				C4CF01AE2A89BBDB00A2701D /* LaunchScreen.storyboard in Resources */,
				C4CF01AB2A89BBDB00A2701D /* Assets.xcassets in Resources */,
			);
			runOnlyForDeploymentPostprocessing = 0;
		};
/* End PBXResourcesBuildPhase section */

/* Begin PBXSourcesBuildPhase section */
		C409DB5D2AAAE9390066D1C2 /* Sources */ = {
			isa = PBXSourcesBuildPhase;
			buildActionMask = 2147483647;
			files = (
			);
			runOnlyForDeploymentPostprocessing = 0;
		};
		C4B1DA932AE794480042D787 /* Sources */ = {
			isa = PBXSourcesBuildPhase;
			buildActionMask = 2147483647;
			files = (
				C4B1DAA12AE795BC0042D787 /* CurrencyFormatterTests.swift in Sources */,
			);
			runOnlyForDeploymentPostprocessing = 0;
		};
		C4CF019A2A89BBDA00A2701D /* Sources */ = {
			isa = PBXSourcesBuildPhase;
			buildActionMask = 2147483647;
			files = (
				C4D44AC42AD333E000298B1A /* AccountSummaryHeaderView.swift in Sources */,
				C4E9E6F42AD759F700549E3F /* AccountSummaryCell.swift in Sources */,
				C471C3D12AC2646F00ACA6A4 /* DummyViewController.swift in Sources */,
				C4CF01A62A89BBDA00A2701D /* LoginViewController.swift in Sources */,
				C4BD0F8B2AE5A25400B12217 /* CurrencyFormatter.swift in Sources */,
				C4BA8B672AC8E6EF00436E69 /* UIViewController+Utils.swift in Sources */,
				C41E00FC2AB80EA4005462B5 /* OnboardingViewController.swift in Sources */,
				C4CF01A22A89BBDA00A2701D /* AppDelegate.swift in Sources */,
				C41E00F82AB7C959005462B5 /* OnboardingContainerViewController.swift in Sources */,
				C4CF01B92A89F71000A2701D /* LoginView.swift in Sources */,
				C4CF01A42A89BBDA00A2701D /* SceneDelegate.swift in Sources */,
				C4F95D9F2AD0E55F00718071 /* AccountSummaryViewController.swift in Sources */,
				C4BD0F892AE5A14C00B12217 /* DecimalUtil.swift in Sources */,
				C4B7032E2AC6429500FFECBC /* LocalState.swift in Sources */,
				C4BA8B692AC8E8DC00436E69 /* MainViewController.swift in Sources */,
			);
			runOnlyForDeploymentPostprocessing = 0;
		};
/* End PBXSourcesBuildPhase section */

/* Begin PBXTargetDependency section */
		C409DB662AAAE9390066D1C2 /* PBXTargetDependency */ = {
			isa = PBXTargetDependency;
			target = C4CF019D2A89BBDA00A2701D /* Bankey */;
			targetProxy = C409DB652AAAE9390066D1C2 /* PBXContainerItemProxy */;
		};
		C4B1DA9C2AE794480042D787 /* PBXTargetDependency */ = {
			isa = PBXTargetDependency;
			target = C4CF019D2A89BBDA00A2701D /* Bankey */;
			targetProxy = C4B1DA9B2AE794480042D787 /* PBXContainerItemProxy */;
		};
/* End PBXTargetDependency section */

/* Begin PBXVariantGroup section */
		C4CF01AC2A89BBDB00A2701D /* LaunchScreen.storyboard */ = {
			isa = PBXVariantGroup;
			children = (
				C4CF01AD2A89BBDB00A2701D /* Base */,
			);
			name = LaunchScreen.storyboard;
			sourceTree = "<group>";
		};
/* End PBXVariantGroup section */

/* Begin XCBuildConfiguration section */
		C409DB682AAAE9390066D1C2 /* Debug */ = {
			isa = XCBuildConfiguration;
			buildSettings = {
				BUNDLE_LOADER = "$(TEST_HOST)";
				CODE_SIGN_STYLE = Automatic;
				CURRENT_PROJECT_VERSION = 1;
				DEVELOPMENT_TEAM = U7YYU53MN3;
				GENERATE_INFOPLIST_FILE = YES;
				MARKETING_VERSION = 1.0;
				PRODUCT_BUNDLE_IDENTIFIER = com.diegosierra.BankeyTests;
				PRODUCT_NAME = "$(TARGET_NAME)";
				SWIFT_EMIT_LOC_STRINGS = NO;
				SWIFT_VERSION = 5.0;
				TARGETED_DEVICE_FAMILY = "1,2";
				TEST_HOST = "$(BUILT_PRODUCTS_DIR)/Bankey.app/$(BUNDLE_EXECUTABLE_FOLDER_PATH)/Bankey";
			};
			name = Debug;
		};
		C409DB692AAAE9390066D1C2 /* Release */ = {
			isa = XCBuildConfiguration;
			buildSettings = {
				BUNDLE_LOADER = "$(TEST_HOST)";
				CODE_SIGN_STYLE = Automatic;
				CURRENT_PROJECT_VERSION = 1;
				DEVELOPMENT_TEAM = U7YYU53MN3;
				GENERATE_INFOPLIST_FILE = YES;
				MARKETING_VERSION = 1.0;
				PRODUCT_BUNDLE_IDENTIFIER = com.diegosierra.BankeyTests;
				PRODUCT_NAME = "$(TARGET_NAME)";
				SWIFT_EMIT_LOC_STRINGS = NO;
				SWIFT_VERSION = 5.0;
				TARGETED_DEVICE_FAMILY = "1,2";
				TEST_HOST = "$(BUILT_PRODUCTS_DIR)/Bankey.app/$(BUNDLE_EXECUTABLE_FOLDER_PATH)/Bankey";
			};
			name = Release;
		};
		C4B1DA9D2AE794480042D787 /* Debug */ = {
			isa = XCBuildConfiguration;
			buildSettings = {
				BUNDLE_LOADER = "$(TEST_HOST)";
				CLANG_ENABLE_MODULES = YES;
				CODE_SIGN_STYLE = Automatic;
				CURRENT_PROJECT_VERSION = 1;
				DEVELOPMENT_TEAM = U7YYU53MN3;
				GCC_C_LANGUAGE_STANDARD = gnu17;
				GENERATE_INFOPLIST_FILE = YES;
				IPHONEOS_DEPLOYMENT_TARGET = 17.0;
				LOCALIZATION_PREFERS_STRING_CATALOGS = YES;
				MARKETING_VERSION = 1.0;
				PRODUCT_BUNDLE_IDENTIFIER = com.diegosierra.BankeyUnitTests;
				PRODUCT_NAME = "$(TARGET_NAME)";
				SWIFT_ACTIVE_COMPILATION_CONDITIONS = "DEBUG $(inherited)";
				SWIFT_EMIT_LOC_STRINGS = NO;
				SWIFT_OPTIMIZATION_LEVEL = "-Onone";
				SWIFT_VERSION = 5.0;
				TARGETED_DEVICE_FAMILY = "1,2";
				TEST_HOST = "$(BUILT_PRODUCTS_DIR)/Bankey.app/$(BUNDLE_EXECUTABLE_FOLDER_PATH)/Bankey";
			};
			name = Debug;
		};
		C4B1DA9E2AE794480042D787 /* Release */ = {
			isa = XCBuildConfiguration;
			buildSettings = {
				BUNDLE_LOADER = "$(TEST_HOST)";
				CLANG_ENABLE_MODULES = YES;
				CODE_SIGN_STYLE = Automatic;
				CURRENT_PROJECT_VERSION = 1;
				DEVELOPMENT_TEAM = U7YYU53MN3;
				GCC_C_LANGUAGE_STANDARD = gnu17;
				GENERATE_INFOPLIST_FILE = YES;
				IPHONEOS_DEPLOYMENT_TARGET = 17.0;
				LOCALIZATION_PREFERS_STRING_CATALOGS = YES;
				MARKETING_VERSION = 1.0;
				PRODUCT_BUNDLE_IDENTIFIER = com.diegosierra.BankeyUnitTests;
				PRODUCT_NAME = "$(TARGET_NAME)";
				SWIFT_EMIT_LOC_STRINGS = NO;
				SWIFT_VERSION = 5.0;
				TARGETED_DEVICE_FAMILY = "1,2";
				TEST_HOST = "$(BUILT_PRODUCTS_DIR)/Bankey.app/$(BUNDLE_EXECUTABLE_FOLDER_PATH)/Bankey";
			};
			name = Release;
		};
		C4CF01B02A89BBDB00A2701D /* Debug */ = {
			isa = XCBuildConfiguration;
			buildSettings = {
				ALWAYS_SEARCH_USER_PATHS = NO;
				ASSETCATALOG_COMPILER_GENERATE_SWIFT_ASSET_SYMBOL_EXTENSIONS = YES;
				CLANG_ANALYZER_NONNULL = YES;
				CLANG_ANALYZER_NUMBER_OBJECT_CONVERSION = YES_AGGRESSIVE;
				CLANG_CXX_LANGUAGE_STANDARD = "gnu++20";
				CLANG_ENABLE_MODULES = YES;
				CLANG_ENABLE_OBJC_ARC = YES;
				CLANG_ENABLE_OBJC_WEAK = YES;
				CLANG_WARN_BLOCK_CAPTURE_AUTORELEASING = YES;
				CLANG_WARN_BOOL_CONVERSION = YES;
				CLANG_WARN_COMMA = YES;
				CLANG_WARN_CONSTANT_CONVERSION = YES;
				CLANG_WARN_DEPRECATED_OBJC_IMPLEMENTATIONS = YES;
				CLANG_WARN_DIRECT_OBJC_ISA_USAGE = YES_ERROR;
				CLANG_WARN_DOCUMENTATION_COMMENTS = YES;
				CLANG_WARN_EMPTY_BODY = YES;
				CLANG_WARN_ENUM_CONVERSION = YES;
				CLANG_WARN_INFINITE_RECURSION = YES;
				CLANG_WARN_INT_CONVERSION = YES;
				CLANG_WARN_NON_LITERAL_NULL_CONVERSION = YES;
				CLANG_WARN_OBJC_IMPLICIT_RETAIN_SELF = YES;
				CLANG_WARN_OBJC_LITERAL_CONVERSION = YES;
				CLANG_WARN_OBJC_ROOT_CLASS = YES_ERROR;
				CLANG_WARN_QUOTED_INCLUDE_IN_FRAMEWORK_HEADER = YES;
				CLANG_WARN_RANGE_LOOP_ANALYSIS = YES;
				CLANG_WARN_STRICT_PROTOTYPES = YES;
				CLANG_WARN_SUSPICIOUS_MOVE = YES;
				CLANG_WARN_UNGUARDED_AVAILABILITY = YES_AGGRESSIVE;
				CLANG_WARN_UNREACHABLE_CODE = YES;
				CLANG_WARN__DUPLICATE_METHOD_MATCH = YES;
				COPY_PHASE_STRIP = NO;
				DEBUG_INFORMATION_FORMAT = dwarf;
				ENABLE_STRICT_OBJC_MSGSEND = YES;
				ENABLE_TESTABILITY = YES;
				ENABLE_USER_SCRIPT_SANDBOXING = YES;
				GCC_C_LANGUAGE_STANDARD = gnu11;
				GCC_DYNAMIC_NO_PIC = NO;
				GCC_NO_COMMON_BLOCKS = YES;
				GCC_OPTIMIZATION_LEVEL = 0;
				GCC_PREPROCESSOR_DEFINITIONS = (
					"DEBUG=1",
					"$(inherited)",
				);
				GCC_WARN_64_TO_32_BIT_CONVERSION = YES;
				GCC_WARN_ABOUT_RETURN_TYPE = YES_ERROR;
				GCC_WARN_UNDECLARED_SELECTOR = YES;
				GCC_WARN_UNINITIALIZED_AUTOS = YES_AGGRESSIVE;
				GCC_WARN_UNUSED_FUNCTION = YES;
				GCC_WARN_UNUSED_VARIABLE = YES;
				IPHONEOS_DEPLOYMENT_TARGET = 15.0;
				MTL_ENABLE_DEBUG_INFO = INCLUDE_SOURCE;
				MTL_FAST_MATH = YES;
				ONLY_ACTIVE_ARCH = YES;
				SDKROOT = iphoneos;
				SWIFT_ACTIVE_COMPILATION_CONDITIONS = DEBUG;
				SWIFT_OPTIMIZATION_LEVEL = "-Onone";
			};
			name = Debug;
		};
		C4CF01B12A89BBDB00A2701D /* Release */ = {
			isa = XCBuildConfiguration;
			buildSettings = {
				ALWAYS_SEARCH_USER_PATHS = NO;
				ASSETCATALOG_COMPILER_GENERATE_SWIFT_ASSET_SYMBOL_EXTENSIONS = YES;
				CLANG_ANALYZER_NONNULL = YES;
				CLANG_ANALYZER_NUMBER_OBJECT_CONVERSION = YES_AGGRESSIVE;
				CLANG_CXX_LANGUAGE_STANDARD = "gnu++20";
				CLANG_ENABLE_MODULES = YES;
				CLANG_ENABLE_OBJC_ARC = YES;
				CLANG_ENABLE_OBJC_WEAK = YES;
				CLANG_WARN_BLOCK_CAPTURE_AUTORELEASING = YES;
				CLANG_WARN_BOOL_CONVERSION = YES;
				CLANG_WARN_COMMA = YES;
				CLANG_WARN_CONSTANT_CONVERSION = YES;
				CLANG_WARN_DEPRECATED_OBJC_IMPLEMENTATIONS = YES;
				CLANG_WARN_DIRECT_OBJC_ISA_USAGE = YES_ERROR;
				CLANG_WARN_DOCUMENTATION_COMMENTS = YES;
				CLANG_WARN_EMPTY_BODY = YES;
				CLANG_WARN_ENUM_CONVERSION = YES;
				CLANG_WARN_INFINITE_RECURSION = YES;
				CLANG_WARN_INT_CONVERSION = YES;
				CLANG_WARN_NON_LITERAL_NULL_CONVERSION = YES;
				CLANG_WARN_OBJC_IMPLICIT_RETAIN_SELF = YES;
				CLANG_WARN_OBJC_LITERAL_CONVERSION = YES;
				CLANG_WARN_OBJC_ROOT_CLASS = YES_ERROR;
				CLANG_WARN_QUOTED_INCLUDE_IN_FRAMEWORK_HEADER = YES;
				CLANG_WARN_RANGE_LOOP_ANALYSIS = YES;
				CLANG_WARN_STRICT_PROTOTYPES = YES;
				CLANG_WARN_SUSPICIOUS_MOVE = YES;
				CLANG_WARN_UNGUARDED_AVAILABILITY = YES_AGGRESSIVE;
				CLANG_WARN_UNREACHABLE_CODE = YES;
				CLANG_WARN__DUPLICATE_METHOD_MATCH = YES;
				COPY_PHASE_STRIP = NO;
				DEBUG_INFORMATION_FORMAT = "dwarf-with-dsym";
				ENABLE_NS_ASSERTIONS = NO;
				ENABLE_STRICT_OBJC_MSGSEND = YES;
				ENABLE_USER_SCRIPT_SANDBOXING = YES;
				GCC_C_LANGUAGE_STANDARD = gnu11;
				GCC_NO_COMMON_BLOCKS = YES;
				GCC_WARN_64_TO_32_BIT_CONVERSION = YES;
				GCC_WARN_ABOUT_RETURN_TYPE = YES_ERROR;
				GCC_WARN_UNDECLARED_SELECTOR = YES;
				GCC_WARN_UNINITIALIZED_AUTOS = YES_AGGRESSIVE;
				GCC_WARN_UNUSED_FUNCTION = YES;
				GCC_WARN_UNUSED_VARIABLE = YES;
				IPHONEOS_DEPLOYMENT_TARGET = 15.0;
				MTL_ENABLE_DEBUG_INFO = NO;
				MTL_FAST_MATH = YES;
				SDKROOT = iphoneos;
				SWIFT_COMPILATION_MODE = wholemodule;
				SWIFT_OPTIMIZATION_LEVEL = "-O";
				VALIDATE_PRODUCT = YES;
			};
			name = Release;
		};
		C4CF01B32A89BBDB00A2701D /* Debug */ = {
			isa = XCBuildConfiguration;
			buildSettings = {
				ASSETCATALOG_COMPILER_APPICON_NAME = AppIcon;
				ASSETCATALOG_COMPILER_GLOBAL_ACCENT_COLOR_NAME = AccentColor;
				CODE_SIGN_STYLE = Automatic;
				CURRENT_PROJECT_VERSION = 1;
				DEVELOPMENT_TEAM = U7YYU53MN3;
				GENERATE_INFOPLIST_FILE = YES;
				INFOPLIST_FILE = Bankey/Info.plist;
				INFOPLIST_KEY_UIApplicationSupportsIndirectInputEvents = YES;
				INFOPLIST_KEY_UILaunchStoryboardName = LaunchScreen;
				INFOPLIST_KEY_UISupportedInterfaceOrientations_iPad = "UIInterfaceOrientationPortrait UIInterfaceOrientationPortraitUpsideDown UIInterfaceOrientationLandscapeLeft UIInterfaceOrientationLandscapeRight";
				INFOPLIST_KEY_UISupportedInterfaceOrientations_iPhone = "UIInterfaceOrientationPortrait UIInterfaceOrientationLandscapeLeft UIInterfaceOrientationLandscapeRight";
				IPHONEOS_DEPLOYMENT_TARGET = 15.0;
				LD_RUNPATH_SEARCH_PATHS = (
					"$(inherited)",
					"@executable_path/Frameworks",
				);
				MARKETING_VERSION = 1.0;
				PRODUCT_BUNDLE_IDENTIFIER = com.diegosierra.Bankey;
				PRODUCT_NAME = "$(TARGET_NAME)";
				SWIFT_EMIT_LOC_STRINGS = YES;
				SWIFT_VERSION = 5.0;
				TARGETED_DEVICE_FAMILY = "1,2";
			};
			name = Debug;
		};
		C4CF01B42A89BBDB00A2701D /* Release */ = {
			isa = XCBuildConfiguration;
			buildSettings = {
				ASSETCATALOG_COMPILER_APPICON_NAME = AppIcon;
				ASSETCATALOG_COMPILER_GLOBAL_ACCENT_COLOR_NAME = AccentColor;
				CODE_SIGN_STYLE = Automatic;
				CURRENT_PROJECT_VERSION = 1;
				DEVELOPMENT_TEAM = U7YYU53MN3;
				GENERATE_INFOPLIST_FILE = YES;
				INFOPLIST_FILE = Bankey/Info.plist;
				INFOPLIST_KEY_UIApplicationSupportsIndirectInputEvents = YES;
				INFOPLIST_KEY_UILaunchStoryboardName = LaunchScreen;
				INFOPLIST_KEY_UISupportedInterfaceOrientations_iPad = "UIInterfaceOrientationPortrait UIInterfaceOrientationPortraitUpsideDown UIInterfaceOrientationLandscapeLeft UIInterfaceOrientationLandscapeRight";
				INFOPLIST_KEY_UISupportedInterfaceOrientations_iPhone = "UIInterfaceOrientationPortrait UIInterfaceOrientationLandscapeLeft UIInterfaceOrientationLandscapeRight";
				IPHONEOS_DEPLOYMENT_TARGET = 15.0;
				LD_RUNPATH_SEARCH_PATHS = (
					"$(inherited)",
					"@executable_path/Frameworks",
				);
				MARKETING_VERSION = 1.0;
				PRODUCT_BUNDLE_IDENTIFIER = com.diegosierra.Bankey;
				PRODUCT_NAME = "$(TARGET_NAME)";
				SWIFT_EMIT_LOC_STRINGS = YES;
				SWIFT_VERSION = 5.0;
				TARGETED_DEVICE_FAMILY = "1,2";
			};
			name = Release;
		};
/* End XCBuildConfiguration section */

/* Begin XCConfigurationList section */
		C409DB672AAAE9390066D1C2 /* Build configuration list for PBXNativeTarget "BankeyTests" */ = {
			isa = XCConfigurationList;
			buildConfigurations = (
				C409DB682AAAE9390066D1C2 /* Debug */,
				C409DB692AAAE9390066D1C2 /* Release */,
			);
			defaultConfigurationIsVisible = 0;
			defaultConfigurationName = Release;
		};
		C4B1DA9F2AE794480042D787 /* Build configuration list for PBXNativeTarget "BankeyUnitTests" */ = {
			isa = XCConfigurationList;
			buildConfigurations = (
				C4B1DA9D2AE794480042D787 /* Debug */,
				C4B1DA9E2AE794480042D787 /* Release */,
			);
			defaultConfigurationIsVisible = 0;
			defaultConfigurationName = Release;
		};
		C4CF01992A89BBDA00A2701D /* Build configuration list for PBXProject "Bankey" */ = {
			isa = XCConfigurationList;
			buildConfigurations = (
				C4CF01B02A89BBDB00A2701D /* Debug */,
				C4CF01B12A89BBDB00A2701D /* Release */,
			);
			defaultConfigurationIsVisible = 0;
			defaultConfigurationName = Release;
		};
		C4CF01B22A89BBDB00A2701D /* Build configuration list for PBXNativeTarget "Bankey" */ = {
			isa = XCConfigurationList;
			buildConfigurations = (
				C4CF01B32A89BBDB00A2701D /* Debug */,
				C4CF01B42A89BBDB00A2701D /* Release */,
			);
			defaultConfigurationIsVisible = 0;
			defaultConfigurationName = Release;
		};
/* End XCConfigurationList section */
	};
	rootObject = C4CF01962A89BBDA00A2701D /* Project object */;
}
